
Microsoft Visual Studio Solution File, Format Version 12.00
# Visual Studio Version 16
VisualStudioVersion = 16.0.29709.97
MinimumVisualStudioVersion = 10.0.40219.1
Project("{FAE04EC0-301F-11D3-BF4B-00C04F79EFBC}") = "Opticron CMS", "Opticron CMS.csproj", "{AEDBA17A-4039-425E-B866-ADD2983DA52B}"
EndProject
Global
	GlobalSection(SolutionConfigurationPlatforms) = preSolution
		Debug|Any CPU = Debug|Any CPU
		Release|Any CPU = Release|Any CPU
	EndGlobalSection
	GlobalSection(ProjectConfigurationPlatforms) = postSolution
		{AEDBA17A-4039-425E-B866-ADD2983DA52B}.Debug|Any CPU.ActiveCfg = Debug|Any CPU
		{AEDBA17A-4039-425E-B866-ADD2983DA52B}.Debug|Any CPU.Build.0 = Debug|Any CPU
		{AEDBA17A-4039-425E-B866-ADD2983DA52B}.Release|Any CPU.ActiveCfg = Release|Any CPU
		{AEDBA17A-4039-425E-B866-ADD2983DA52B}.Release|Any CPU.Build.0 = Release|Any CPU
	EndGlobalSection
	GlobalSection(SolutionProperties) = preSolution
		HideSolutionNode = FALSE
	EndGlobalSection
	GlobalSection(ExtensibilityGlobals) = postSolution
		SolutionGuid = {C981760E-DEB2-474A-B140-FC424DD2C773}
	EndGlobalSection
EndGlobal
